
Microsoft Visual Studio Solution File, Format Version 12.00
# Visual Studio Version 17
VisualStudioVersion = 17.5.002.0
MinimumVisualStudioVersion = 10.0.40219.1
Project("{9A19103F-16F7-4668-BE54-9A1E7A4F7556}") = "Procesador", "Procesador\Procesador.csproj", "{A98BD798-1540-4F41-BF22-B67FDE5D0BAA}"
EndProject
Global
	GlobalSection(SolutionConfigurationPlatforms) = preSolution
		Debug|Any CPU = Debug|Any CPU
		Release|Any CPU = Release|Any CPU
	EndGlobalSection
	GlobalSection(ProjectConfigurationPlatforms) = postSolution
		{A98BD798-1540-4F41-BF22-B67FDE5D0BAA}.Debug|Any CPU.ActiveCfg = Debug|Any CPU
		{A98BD798-1540-4F41-BF22-B67FDE5D0BAA}.Debug|Any CPU.Build.0 = Debug|Any CPU
		{A98BD798-1540-4F41-BF22-B67FDE5D0BAA}.Release|Any CPU.ActiveCfg = Release|Any CPU
		{A98BD798-1540-4F41-BF22-B67FDE5D0BAA}.Release|Any CPU.Build.0 = Release|Any CPU
	EndGlobalSection
	GlobalSection(SolutionProperties) = preSolution
		HideSolutionNode = FALSE
	EndGlobalSection
	GlobalSection(ExtensibilityGlobals) = postSolution
		SolutionGuid = {658B86FA-0E2D-47D6-8F08-7003391B0597}
	EndGlobalSection
EndGlobal
